// !$*UTF8*$!
{
	archiveVersion = 1;
	classes = {
	};
	objectVersion = 46;
	objects = {

/* Begin PBXBuildFile section */
		271E20BC1FCCC3DB00FD83DB /* AppDelegate.swift in Sources */ = {isa = PBXBuildFile; fileRef = 271E20BB1FCCC3DB00FD83DB /* AppDelegate.swift */; };
		271E20BE1FCCC3DB00FD83DB /* LoginViewController.swift in Sources */ = {isa = PBXBuildFile; fileRef = 271E20BD1FCCC3DB00FD83DB /* LoginViewController.swift */; };
		271E20C11FCCC3DB00FD83DB /* Main.storyboard in Resources */ = {isa = PBXBuildFile; fileRef = 271E20BF1FCCC3DB00FD83DB /* Main.storyboard */; };
		271E20C31FCCC3DB00FD83DB /* Assets.xcassets in Resources */ = {isa = PBXBuildFile; fileRef = 271E20C21FCCC3DB00FD83DB /* Assets.xcassets */; };
		271E20C61FCCC3DB00FD83DB /* LaunchScreen.storyboard in Resources */ = {isa = PBXBuildFile; fileRef = 271E20C41FCCC3DB00FD83DB /* LaunchScreen.storyboard */; };
		271E20EA1FCCC46E00FD83DB /* Athenaeum.gpx in Resources */ = {isa = PBXBuildFile; fileRef = 271E20E11FCCC46E00FD83DB /* Athenaeum.gpx */; };
		271E20EB1FCCC46E00FD83DB /* BankersLife.gpx in Resources */ = {isa = PBXBuildFile; fileRef = 271E20E21FCCC46E00FD83DB /* BankersLife.gpx */; };
		271E20EC1FCCC46E00FD83DB /* CentralLibrary.gpx in Resources */ = {isa = PBXBuildFile; fileRef = 271E20E31FCCC46E00FD83DB /* CentralLibrary.gpx */; };
		271E20ED1FCCC46E00FD83DB /* CityCountyBuilding.gpx in Resources */ = {isa = PBXBuildFile; fileRef = 271E20E41FCCC46E00FD83DB /* CityCountyBuilding.gpx */; };
		271E20EE1FCCC46E00FD83DB /* FletcherPlace.gpx in Resources */ = {isa = PBXBuildFile; fileRef = 271E20E51FCCC46E00FD83DB /* FletcherPlace.gpx */; };
		271E20EF1FCCC46E00FD83DB /* FountainSquare.gpx in Resources */ = {isa = PBXBuildFile; fileRef = 271E20E61FCCC46E00FD83DB /* FountainSquare.gpx */; };
		271E20F01FCCC46E00FD83DB /* IUPUICampusCenter.gpx in Resources */ = {isa = PBXBuildFile; fileRef = 271E20E71FCCC46E00FD83DB /* IUPUICampusCenter.gpx */; };
		271E20F11FCCC46E00FD83DB /* MonumentCircle.gpx in Resources */ = {isa = PBXBuildFile; fileRef = 271E20E81FCCC46E00FD83DB /* MonumentCircle.gpx */; };
		271E20F21FCCC46E00FD83DB /* VictoryField.gpx in Resources */ = {isa = PBXBuildFile; fileRef = 271E20E91FCCC46E00FD83DB /* VictoryField.gpx */; };
		2772C8CE1FDCAC860066B07F /* APIService.swift in Sources */ = {isa = PBXBuildFile; fileRef = 2772C8CD1FDCAC860066B07F /* APIService.swift */; };
		2772C8D01FDCDCE90066B07F /* ProfileViewController.swift in Sources */ = {isa = PBXBuildFile; fileRef = 2772C8CF1FDCDCE90066B07F /* ProfileViewController.swift */; };
/* End PBXBuildFile section */

/* Begin PBXFileReference section */
		271E20B81FCCC3DB00FD83DB /* BikeShare.app */ = {isa = PBXFileReference; explicitFileType = wrapper.application; includeInIndex = 0; path = BikeShare.app; sourceTree = BUILT_PRODUCTS_DIR; };
		271E20BB1FCCC3DB00FD83DB /* AppDelegate.swift */ = {isa = PBXFileReference; lastKnownFileType = sourcecode.swift; path = AppDelegate.swift; sourceTree = "<group>"; };
		271E20BD1FCCC3DB00FD83DB /* LoginViewController.swift */ = {isa = PBXFileReference; lastKnownFileType = sourcecode.swift; path = LoginViewController.swift; sourceTree = "<group>"; };
		271E20C01FCCC3DB00FD83DB /* Base */ = {isa = PBXFileReference; lastKnownFileType = file.storyboard; name = Base; path = Base.lproj/Main.storyboard; sourceTree = "<group>"; };
		271E20C21FCCC3DB00FD83DB /* Assets.xcassets */ = {isa = PBXFileReference; lastKnownFileType = folder.assetcatalog; path = Assets.xcassets; sourceTree = "<group>"; };
		271E20C51FCCC3DB00FD83DB /* Base */ = {isa = PBXFileReference; lastKnownFileType = file.storyboard; name = Base; path = Base.lproj/LaunchScreen.storyboard; sourceTree = "<group>"; };
		271E20C71FCCC3DB00FD83DB /* Info.plist */ = {isa = PBXFileReference; lastKnownFileType = text.plist.xml; path = Info.plist; sourceTree = "<group>"; };
		271E20E11FCCC46E00FD83DB /* Athenaeum.gpx */ = {isa = PBXFileReference; fileEncoding = 4; lastKnownFileType = text; name = Athenaeum.gpx; path = GPXfiles/Athenaeum.gpx; sourceTree = "<group>"; };
		271E20E21FCCC46E00FD83DB /* BankersLife.gpx */ = {isa = PBXFileReference; fileEncoding = 4; lastKnownFileType = text; name = BankersLife.gpx; path = GPXfiles/BankersLife.gpx; sourceTree = "<group>"; };
		271E20E31FCCC46E00FD83DB /* CentralLibrary.gpx */ = {isa = PBXFileReference; fileEncoding = 4; lastKnownFileType = text; name = CentralLibrary.gpx; path = GPXfiles/CentralLibrary.gpx; sourceTree = "<group>"; };
		271E20E41FCCC46E00FD83DB /* CityCountyBuilding.gpx */ = {isa = PBXFileReference; fileEncoding = 4; lastKnownFileType = text; name = CityCountyBuilding.gpx; path = GPXfiles/CityCountyBuilding.gpx; sourceTree = "<group>"; };
		271E20E51FCCC46E00FD83DB /* FletcherPlace.gpx */ = {isa = PBXFileReference; fileEncoding = 4; lastKnownFileType = text; name = FletcherPlace.gpx; path = GPXfiles/FletcherPlace.gpx; sourceTree = "<group>"; };
		271E20E61FCCC46E00FD83DB /* FountainSquare.gpx */ = {isa = PBXFileReference; fileEncoding = 4; lastKnownFileType = text; name = FountainSquare.gpx; path = GPXfiles/FountainSquare.gpx; sourceTree = "<group>"; };
		271E20E71FCCC46E00FD83DB /* IUPUICampusCenter.gpx */ = {isa = PBXFileReference; fileEncoding = 4; lastKnownFileType = text; name = IUPUICampusCenter.gpx; path = GPXfiles/IUPUICampusCenter.gpx; sourceTree = "<group>"; };
		271E20E81FCCC46E00FD83DB /* MonumentCircle.gpx */ = {isa = PBXFileReference; fileEncoding = 4; lastKnownFileType = text; name = MonumentCircle.gpx; path = GPXfiles/MonumentCircle.gpx; sourceTree = "<group>"; };
		271E20E91FCCC46E00FD83DB /* VictoryField.gpx */ = {isa = PBXFileReference; fileEncoding = 4; lastKnownFileType = text; name = VictoryField.gpx; path = GPXfiles/VictoryField.gpx; sourceTree = "<group>"; };
		2772C8CD1FDCAC860066B07F /* APIService.swift */ = {isa = PBXFileReference; fileEncoding = 4; lastKnownFileType = sourcecode.swift; path = APIService.swift; sourceTree = "<group>"; };
		2772C8CF1FDCDCE90066B07F /* ProfileViewController.swift */ = {isa = PBXFileReference; fileEncoding = 4; lastKnownFileType = sourcecode.swift; path = ProfileViewController.swift; sourceTree = "<group>"; };
/* End PBXFileReference section */

/* Begin PBXFrameworksBuildPhase section */
		271E20B51FCCC3DB00FD83DB /* Frameworks */ = {
			isa = PBXFrameworksBuildPhase;
			buildActionMask = 2147483647;
			files = (
			);
			runOnlyForDeploymentPostprocessing = 0;
		};
/* End PBXFrameworksBuildPhase section */

/* Begin PBXGroup section */
		271E20AF1FCCC3DB00FD83DB = {
			isa = PBXGroup;
			children = (
				271E20F31FCCC47400FD83DB /* GPX Locations */,
				271E20BA1FCCC3DB00FD83DB /* BikeShare */,
				271E20B91FCCC3DB00FD83DB /* Products */,
			);
			sourceTree = "<group>";
		};
		271E20B91FCCC3DB00FD83DB /* Products */ = {
			isa = PBXGroup;
			children = (
				271E20B81FCCC3DB00FD83DB /* BikeShare.app */,
			);
			name = Products;
			sourceTree = "<group>";
		};
		271E20BA1FCCC3DB00FD83DB /* BikeShare */ = {
			isa = PBXGroup;
			children = (
				271E20BB1FCCC3DB00FD83DB /* AppDelegate.swift */,
				271E20BD1FCCC3DB00FD83DB /* LoginViewController.swift */,
				2772C8CD1FDCAC860066B07F /* APIService.swift */,
				2772C8CF1FDCDCE90066B07F /* ProfileViewController.swift */,
				271E20BF1FCCC3DB00FD83DB /* Main.storyboard */,
				271E20C21FCCC3DB00FD83DB /* Assets.xcassets */,
				271E20C41FCCC3DB00FD83DB /* LaunchScreen.storyboard */,
				271E20C71FCCC3DB00FD83DB /* Info.plist */,
			);
			path = BikeShare;
			sourceTree = "<group>";
		};
		271E20F31FCCC47400FD83DB /* GPX Locations */ = {
			isa = PBXGroup;
			children = (
				271E20E11FCCC46E00FD83DB /* Athenaeum.gpx */,
				271E20E21FCCC46E00FD83DB /* BankersLife.gpx */,
				271E20E31FCCC46E00FD83DB /* CentralLibrary.gpx */,
				271E20E41FCCC46E00FD83DB /* CityCountyBuilding.gpx */,
				271E20E51FCCC46E00FD83DB /* FletcherPlace.gpx */,
				271E20E61FCCC46E00FD83DB /* FountainSquare.gpx */,
				271E20E71FCCC46E00FD83DB /* IUPUICampusCenter.gpx */,
				271E20E81FCCC46E00FD83DB /* MonumentCircle.gpx */,
				271E20E91FCCC46E00FD83DB /* VictoryField.gpx */,
			);
			name = "GPX Locations";
			sourceTree = "<group>";
		};
/* End PBXGroup section */

/* Begin PBXNativeTarget section */
		271E20B71FCCC3DB00FD83DB /* BikeShare */ = {
			isa = PBXNativeTarget;
			buildConfigurationList = 271E20CA1FCCC3DB00FD83DB /* Build configuration list for PBXNativeTarget "BikeShare" */;
			buildPhases = (
				271E20B41FCCC3DB00FD83DB /* Sources */,
				271E20B51FCCC3DB00FD83DB /* Frameworks */,
				271E20B61FCCC3DB00FD83DB /* Resources */,
			);
			buildRules = (
			);
			dependencies = (
			);
			name = BikeShare;
			productName = BikeShare;
			productReference = 271E20B81FCCC3DB00FD83DB /* BikeShare.app */;
			productType = "com.apple.product-type.application";
		};
/* End PBXNativeTarget section */

/* Begin PBXProject section */
		271E20B01FCCC3DB00FD83DB /* Project object */ = {
			isa = PBXProject;
			attributes = {
				LastSwiftUpdateCheck = 0830;
				LastUpgradeCheck = 0830;
				ORGANIZATIONNAME = "Kyle Peeler";
				TargetAttributes = {
					271E20B71FCCC3DB00FD83DB = {
						CreatedOnToolsVersion = 8.3.3;
						ProvisioningStyle = Automatic;
					};
				};
			};
			buildConfigurationList = 271E20B31FCCC3DB00FD83DB /* Build configuration list for PBXProject "BikeShare" */;
			compatibilityVersion = "Xcode 3.2";
			developmentRegion = English;
			hasScannedForEncodings = 0;
			knownRegions = (
				en,
				Base,
			);
			mainGroup = 271E20AF1FCCC3DB00FD83DB;
			productRefGroup = 271E20B91FCCC3DB00FD83DB /* Products */;
			projectDirPath = "";
			projectRoot = "";
			targets = (
				271E20B71FCCC3DB00FD83DB /* BikeShare */,
			);
		};
/* End PBXProject section */

/* Begin PBXResourcesBuildPhase section */
		271E20B61FCCC3DB00FD83DB /* Resources */ = {
			isa = PBXResourcesBuildPhase;
			buildActionMask = 2147483647;
			files = (
				271E20F01FCCC46E00FD83DB /* IUPUICampusCenter.gpx in Resources */,
				271E20F21FCCC46E00FD83DB /* VictoryField.gpx in Resources */,
				271E20EE1FCCC46E00FD83DB /* FletcherPlace.gpx in Resources */,
				271E20C61FCCC3DB00FD83DB /* LaunchScreen.storyboard in Resources */,
				271E20C31FCCC3DB00FD83DB /* Assets.xcassets in Resources */,
				271E20ED1FCCC46E00FD83DB /* CityCountyBuilding.gpx in Resources */,
				271E20EA1FCCC46E00FD83DB /* Athenaeum.gpx in Resources */,
				271E20F11FCCC46E00FD83DB /* MonumentCircle.gpx in Resources */,
				271E20EF1FCCC46E00FD83DB /* FountainSquare.gpx in Resources */,
				271E20C11FCCC3DB00FD83DB /* Main.storyboard in Resources */,
				271E20EB1FCCC46E00FD83DB /* BankersLife.gpx in Resources */,
				271E20EC1FCCC46E00FD83DB /* CentralLibrary.gpx in Resources */,
			);
			runOnlyForDeploymentPostprocessing = 0;
		};
/* End PBXResourcesBuildPhase section */

/* Begin PBXSourcesBuildPhase section */
		271E20B41FCCC3DB00FD83DB /* Sources */ = {
			isa = PBXSourcesBuildPhase;
			buildActionMask = 2147483647;
			files = (
				271E20BE1FCCC3DB00FD83DB /* LoginViewController.swift in Sources */,
				2772C8CE1FDCAC860066B07F /* APIService.swift in Sources */,
				2772C8D01FDCDCE90066B07F /* ProfileViewController.swift in Sources */,
				271E20BC1FCCC3DB00FD83DB /* AppDelegate.swift in Sources */,
			);
			runOnlyForDeploymentPostprocessing = 0;
		};
/* End PBXSourcesBuildPhase section */

/* Begin PBXVariantGroup section */
		271E20BF1FCCC3DB00FD83DB /* Main.storyboard */ = {
			isa = PBXVariantGroup;
			children = (
				271E20C01FCCC3DB00FD83DB /* Base */,
			);
			name = Main.storyboard;
			sourceTree = "<group>";
		};
		271E20C41FCCC3DB00FD83DB /* LaunchScreen.storyboard */ = {
			isa = PBXVariantGroup;
			children = (
				271E20C51FCCC3DB00FD83DB /* Base */,
			);
			name = LaunchScreen.storyboard;
			sourceTree = "<group>";
		};
/* End PBXVariantGroup section */

/* Begin XCBuildConfiguration section */
		271E20C81FCCC3DB00FD83DB /* Debug */ = {
			isa = XCBuildConfiguration;
			buildSettings = {
				ALWAYS_SEARCH_USER_PATHS = NO;
				CLANG_ANALYZER_NONNULL = YES;
				CLANG_ANALYZER_NUMBER_OBJECT_CONVERSION = YES_AGGRESSIVE;
				CLANG_CXX_LANGUAGE_STANDARD = "gnu++0x";
				CLANG_CXX_LIBRARY = "libc++";
				CLANG_ENABLE_MODULES = YES;
				CLANG_ENABLE_OBJC_ARC = YES;
				CLANG_WARN_BOOL_CONVERSION = YES;
				CLANG_WARN_CONSTANT_CONVERSION = YES;
				CLANG_WARN_DIRECT_OBJC_ISA_USAGE = YES_ERROR;
				CLANG_WARN_DOCUMENTATION_COMMENTS = YES;
				CLANG_WARN_EMPTY_BODY = YES;
				CLANG_WARN_ENUM_CONVERSION = YES;
				CLANG_WARN_INFINITE_RECURSION = YES;
				CLANG_WARN_INT_CONVERSION = YES;
				CLANG_WARN_OBJC_ROOT_CLASS = YES_ERROR;
				CLANG_WARN_SUSPICIOUS_MOVE = YES;
				CLANG_WARN_UNREACHABLE_CODE = YES;
				CLANG_WARN__DUPLICATE_METHOD_MATCH = YES;
				"CODE_SIGN_IDENTITY[sdk=iphoneos*]" = "iPhone Developer";
				COPY_PHASE_STRIP = NO;
				DEBUG_INFORMATION_FORMAT = dwarf;
				ENABLE_STRICT_OBJC_MSGSEND = YES;
				ENABLE_TESTABILITY = YES;
				GCC_C_LANGUAGE_STANDARD = gnu99;
				GCC_DYNAMIC_NO_PIC = NO;
				GCC_NO_COMMON_BLOCKS = YES;
				GCC_OPTIMIZATION_LEVEL = 0;
				GCC_PREPROCESSOR_DEFINITIONS = (
					"DEBUG=1",
					"$(inherited)",
				);
				GCC_WARN_64_TO_32_BIT_CONVERSION = YES;
				GCC_WARN_ABOUT_RETURN_TYPE = YES_ERROR;
				GCC_WARN_UNDECLARED_SELECTOR = YES;
				GCC_WARN_UNINITIALIZED_AUTOS = YES_AGGRESSIVE;
				GCC_WARN_UNUSED_FUNCTION = YES;
				GCC_WARN_UNUSED_VARIABLE = YES;
				IPHONEOS_DEPLOYMENT_TARGET = 10.3;
				MTL_ENABLE_DEBUG_INFO = YES;
				ONLY_ACTIVE_ARCH = YES;
				SDKROOT = iphoneos;
				SWIFT_ACTIVE_COMPILATION_CONDITIONS = DEBUG;
				SWIFT_OPTIMIZATION_LEVEL = "-Onone";
			};
			name = Debug;
		};
		271E20C91FCCC3DB00FD83DB /* Release */ = {
			isa = XCBuildConfiguration;
			buildSettings = {
				ALWAYS_SEARCH_USER_PATHS = NO;
				CLANG_ANALYZER_NONNULL = YES;
				CLANG_ANALYZER_NUMBER_OBJECT_CONVERSION = YES_AGGRESSIVE;
				CLANG_CXX_LANGUAGE_STANDARD = "gnu++0x";
				CLANG_CXX_LIBRARY = "libc++";
				CLANG_ENABLE_MODULES = YES;
				CLANG_ENABLE_OBJC_ARC = YES;
				CLANG_WARN_BOOL_CONVERSION = YES;
				CLANG_WARN_CONSTANT_CONVERSION = YES;
				CLANG_WARN_DIRECT_OBJC_ISA_USAGE = YES_ERROR;
				CLANG_WARN_DOCUMENTATION_COMMENTS = YES;
				CLANG_WARN_EMPTY_BODY = YES;
				CLANG_WARN_ENUM_CONVERSION = YES;
				CLANG_WARN_INFINITE_RECURSION = YES;
				CLANG_WARN_INT_CONVERSION = YES;
				CLANG_WARN_OBJC_ROOT_CLASS = YES_ERROR;
				CLANG_WARN_SUSPICIOUS_MOVE = YES;
				CLANG_WARN_UNREACHABLE_CODE = YES;
				CLANG_WARN__DUPLICATE_METHOD_MATCH = YES;
				"CODE_SIGN_IDENTITY[sdk=iphoneos*]" = "iPhone Developer";
				COPY_PHASE_STRIP = NO;
				DEBUG_INFORMATION_FORMAT = "dwarf-with-dsym";
				ENABLE_NS_ASSERTIONS = NO;
				ENABLE_STRICT_OBJC_MSGSEND = YES;
				GCC_C_LANGUAGE_STANDARD = gnu99;
				GCC_NO_COMMON_BLOCKS = YES;
				GCC_WARN_64_TO_32_BIT_CONVERSION = YES;
				GCC_WARN_ABOUT_RETURN_TYPE = YES_ERROR;
				GCC_WARN_UNDECLARED_SELECTOR = YES;
				GCC_WARN_UNINITIALIZED_AUTOS = YES_AGGRESSIVE;
				GCC_WARN_UNUSED_FUNCTION = YES;
				GCC_WARN_UNUSED_VARIABLE = YES;
				IPHONEOS_DEPLOYMENT_TARGET = 10.3;
				MTL_ENABLE_DEBUG_INFO = NO;
				SDKROOT = iphoneos;
				SWIFT_OPTIMIZATION_LEVEL = "-Owholemodule";
				VALIDATE_PRODUCT = YES;
			};
			name = Release;
		};
		271E20CB1FCCC3DB00FD83DB /* Debug */ = {
			isa = XCBuildConfiguration;
			buildSettings = {
				ASSETCATALOG_COMPILER_APPICON_NAME = AppIcon;
				INFOPLIST_FILE = BikeShare/Info.plist;
				LD_RUNPATH_SEARCH_PATHS = "$(inherited) @executable_path/Frameworks";
				PRODUCT_BUNDLE_IDENTIFIER = edu.iupui.kylepeeler.BikeShare;
				PRODUCT_NAME = "$(TARGET_NAME)";
				SWIFT_VERSION = 3.0;
			};
			name = Debug;
		};
		271E20CC1FCCC3DB00FD83DB /* Release */ = {
			isa = XCBuildConfiguration;
			buildSettings = {
				ASSETCATALOG_COMPILER_APPICON_NAME = AppIcon;
				INFOPLIST_FILE = BikeShare/Info.plist;
				LD_RUNPATH_SEARCH_PATHS = "$(inherited) @executable_path/Frameworks";
				PRODUCT_BUNDLE_IDENTIFIER = edu.iupui.kylepeeler.BikeShare;
				PRODUCT_NAME = "$(TARGET_NAME)";
				SWIFT_VERSION = 3.0;
			};
			name = Release;
		};
/* End XCBuildConfiguration section */

/* Begin XCConfigurationList section */
		271E20B31FCCC3DB00FD83DB /* Build configuration list for PBXProject "BikeShare" */ = {
			isa = XCConfigurationList;
			buildConfigurations = (
				271E20C81FCCC3DB00FD83DB /* Debug */,
				271E20C91FCCC3DB00FD83DB /* Release */,
			);
			defaultConfigurationIsVisible = 0;
			defaultConfigurationName = Release;
		};
		271E20CA1FCCC3DB00FD83DB /* Build configuration list for PBXNativeTarget "BikeShare" */ = {
			isa = XCConfigurationList;
			buildConfigurations = (
				271E20CB1FCCC3DB00FD83DB /* Debug */,
				271E20CC1FCCC3DB00FD83DB /* Release */,
			);
			defaultConfigurationIsVisible = 0;
			defaultConfigurationName = Release;
		};
/* End XCConfigurationList section */
	};
	rootObject = 271E20B01FCCC3DB00FD83DB /* Project object */;
}
